
Microsoft Visual Studio Solution File, Format Version 12.00
# Visual Studio 15
VisualStudioVersion = 15.0.27004.2005
MinimumVisualStudioVersion = 10.0.40219.1
Project("{9A19103F-16F7-4668-BE54-9A1E7A4F7556}") = "Blog.Models", "Blog.Models\Blog.Models.csproj", "{79D6D9F3-37CC-491E-9BE8-1DF05C117F0F}"
EndProject
Project("{9A19103F-16F7-4668-BE54-9A1E7A4F7556}") = "Blog.DAO", "Blog.DAO\Blog.DAO.csproj", "{77E8D76C-5463-4C0C-8035-1BE83EF831E1}"
EndProject
Project("{9A19103F-16F7-4668-BE54-9A1E7A4F7556}") = "Blog.ConsoleClient", "Blog.ConsoleClient\Blog.ConsoleClient.csproj", "{8A6D595F-1955-457E-8842-2EE7873B2745}"
EndProject
Project("{FAE04EC0-301F-11D3-BF4B-00C04F79EFBC}") = "Blog.WebClient", "Blog.WebClient\Blog.WebClient.csproj", "{2FF9AF99-D6F3-45AC-9D77-CE91B684ED10}"
EndProject
Project("{FAE04EC0-301F-11D3-BF4B-00C04F79EFBC}") = "Blog.Contracts", "Blog.Contracts\Blog.Contracts.csproj", "{5DB9A418-BA95-4D87-A24A-EF8DBD25E906}"
EndProject
Global
	GlobalSection(SolutionConfigurationPlatforms) = preSolution
		Debug|Any CPU = Debug|Any CPU
		Release|Any CPU = Release|Any CPU
	EndGlobalSection
	GlobalSection(ProjectConfigurationPlatforms) = postSolution
		{79D6D9F3-37CC-491E-9BE8-1DF05C117F0F}.Debug|Any CPU.ActiveCfg = Debug|Any CPU
		{79D6D9F3-37CC-491E-9BE8-1DF05C117F0F}.Debug|Any CPU.Build.0 = Debug|Any CPU
		{79D6D9F3-37CC-491E-9BE8-1DF05C117F0F}.Release|Any CPU.ActiveCfg = Release|Any CPU
		{79D6D9F3-37CC-491E-9BE8-1DF05C117F0F}.Release|Any CPU.Build.0 = Release|Any CPU
		{77E8D76C-5463-4C0C-8035-1BE83EF831E1}.Debug|Any CPU.ActiveCfg = Debug|Any CPU
		{77E8D76C-5463-4C0C-8035-1BE83EF831E1}.Debug|Any CPU.Build.0 = Debug|Any CPU
		{77E8D76C-5463-4C0C-8035-1BE83EF831E1}.Release|Any CPU.ActiveCfg = Release|Any CPU
		{77E8D76C-5463-4C0C-8035-1BE83EF831E1}.Release|Any CPU.Build.0 = Release|Any CPU
		{8A6D595F-1955-457E-8842-2EE7873B2745}.Debug|Any CPU.ActiveCfg = Debug|Any CPU
		{8A6D595F-1955-457E-8842-2EE7873B2745}.Debug|Any CPU.Build.0 = Debug|Any CPU
		{8A6D595F-1955-457E-8842-2EE7873B2745}.Release|Any CPU.ActiveCfg = Release|Any CPU
		{8A6D595F-1955-457E-8842-2EE7873B2745}.Release|Any CPU.Build.0 = Release|Any CPU
		{2FF9AF99-D6F3-45AC-9D77-CE91B684ED10}.Debug|Any CPU.ActiveCfg = Debug|Any CPU
		{2FF9AF99-D6F3-45AC-9D77-CE91B684ED10}.Debug|Any CPU.Build.0 = Debug|Any CPU
		{2FF9AF99-D6F3-45AC-9D77-CE91B684ED10}.Release|Any CPU.ActiveCfg = Release|Any CPU
		{2FF9AF99-D6F3-45AC-9D77-CE91B684ED10}.Release|Any CPU.Build.0 = Release|Any CPU
		{5DB9A418-BA95-4D87-A24A-EF8DBD25E906}.Debug|Any CPU.ActiveCfg = Debug|Any CPU
		{5DB9A418-BA95-4D87-A24A-EF8DBD25E906}.Debug|Any CPU.Build.0 = Debug|Any CPU
		{5DB9A418-BA95-4D87-A24A-EF8DBD25E906}.Release|Any CPU.ActiveCfg = Release|Any CPU
		{5DB9A418-BA95-4D87-A24A-EF8DBD25E906}.Release|Any CPU.Build.0 = Release|Any CPU
	EndGlobalSection
	GlobalSection(SolutionProperties) = preSolution
		HideSolutionNode = FALSE
	EndGlobalSection
	GlobalSection(ExtensibilityGlobals) = postSolution
		SolutionGuid = {BBE7D072-4A64-4010-9C15-987BE49302EC}
	EndGlobalSection
EndGlobal
